
Microsoft Visual Studio Solution File, Format Version 12.00
# Visual Studio 15
VisualStudioVersion = 15.0.26124.0
MinimumVisualStudioVersion = 15.0.26124.0
Project("{FAE04EC0-301F-11D3-BF4B-00C04F79EFBC}") = "AbstractFactory", "AbstractFactory\AbstractFactory.csproj", "{19E27353-9168-49BE-BCCA-DBC906FFF22A}"
EndProject
Project("{FAE04EC0-301F-11D3-BF4B-00C04F79EFBC}") = "Adapter", "Adapter\Adapter.csproj", "{D9A88A5D-1AD0-4B0B-A33E-2DEF1A3AA2FB}"
EndProject
Project("{FAE04EC0-301F-11D3-BF4B-00C04F79EFBC}") = "Bridge", "Bridge\Bridge.csproj", "{7F3432F6-753B-4D2C-BF42-DDCD010D481C}"
EndProject
Project("{2150E333-8FDC-42A3-9474-1A3956D46DE8}") = "Builder", "Builder", "{5F833F32-3369-4AC5-BBE3-C070142EDC88}"
EndProject
Project("{FAE04EC0-301F-11D3-BF4B-00C04F79EFBC}") = "BuilderV1", "Builder\BuilderV1\BuilderV1.csproj", "{422CF699-1969-49B6-AAAD-D2C9DEF3645F}"
EndProject
Project("{FAE04EC0-301F-11D3-BF4B-00C04F79EFBC}") = "BuilderV2", "Builder\BuilderV2\BuilderV2.csproj", "{ADAD8919-6B3A-4727-88A4-ED441D6FF90A}"
EndProject
Project("{FAE04EC0-301F-11D3-BF4B-00C04F79EFBC}") = "Composite", "Composite\Composite.csproj", "{90A580E1-A529-43E3-B33D-8BB97559F91A}"
EndProject
Project("{FAE04EC0-301F-11D3-BF4B-00C04F79EFBC}") = "Factory", "Factory\Factory.csproj", "{64CDE98D-808C-402E-B98B-556509B6F174}"
EndProject
Project("{FAE04EC0-301F-11D3-BF4B-00C04F79EFBC}") = "Prototype", "Prototype\Prototype.csproj", "{34EFF754-9631-4B35-94ED-E006CB4F782A}"
EndProject
Project("{FAE04EC0-301F-11D3-BF4B-00C04F79EFBC}") = "Singleton", "Singleton\Singleton.csproj", "{ADE77E6A-1A93-4EB5-8A2E-AD2DA8BCA418}"
EndProject
Global
	GlobalSection(SolutionConfigurationPlatforms) = preSolution
		Debug|Any CPU = Debug|Any CPU
		Debug|x64 = Debug|x64
		Debug|x86 = Debug|x86
		Release|Any CPU = Release|Any CPU
		Release|x64 = Release|x64
		Release|x86 = Release|x86
	EndGlobalSection
	GlobalSection(SolutionProperties) = preSolution
		HideSolutionNode = FALSE
	EndGlobalSection
	GlobalSection(ProjectConfigurationPlatforms) = postSolution
		{19E27353-9168-49BE-BCCA-DBC906FFF22A}.Debug|Any CPU.ActiveCfg = Debug|Any CPU
		{19E27353-9168-49BE-BCCA-DBC906FFF22A}.Debug|Any CPU.Build.0 = Debug|Any CPU
		{19E27353-9168-49BE-BCCA-DBC906FFF22A}.Debug|x64.ActiveCfg = Debug|Any CPU
		{19E27353-9168-49BE-BCCA-DBC906FFF22A}.Debug|x64.Build.0 = Debug|Any CPU
		{19E27353-9168-49BE-BCCA-DBC906FFF22A}.Debug|x86.ActiveCfg = Debug|Any CPU
		{19E27353-9168-49BE-BCCA-DBC906FFF22A}.Debug|x86.Build.0 = Debug|Any CPU
		{19E27353-9168-49BE-BCCA-DBC906FFF22A}.Release|Any CPU.ActiveCfg = Release|Any CPU
		{19E27353-9168-49BE-BCCA-DBC906FFF22A}.Release|Any CPU.Build.0 = Release|Any CPU
		{19E27353-9168-49BE-BCCA-DBC906FFF22A}.Release|x64.ActiveCfg = Release|Any CPU
		{19E27353-9168-49BE-BCCA-DBC906FFF22A}.Release|x64.Build.0 = Release|Any CPU
		{19E27353-9168-49BE-BCCA-DBC906FFF22A}.Release|x86.ActiveCfg = Release|Any CPU
		{19E27353-9168-49BE-BCCA-DBC906FFF22A}.Release|x86.Build.0 = Release|Any CPU
		{D9A88A5D-1AD0-4B0B-A33E-2DEF1A3AA2FB}.Debug|Any CPU.ActiveCfg = Debug|Any CPU
		{D9A88A5D-1AD0-4B0B-A33E-2DEF1A3AA2FB}.Debug|Any CPU.Build.0 = Debug|Any CPU
		{D9A88A5D-1AD0-4B0B-A33E-2DEF1A3AA2FB}.Debug|x64.ActiveCfg = Debug|Any CPU
		{D9A88A5D-1AD0-4B0B-A33E-2DEF1A3AA2FB}.Debug|x64.Build.0 = Debug|Any CPU
		{D9A88A5D-1AD0-4B0B-A33E-2DEF1A3AA2FB}.Debug|x86.ActiveCfg = Debug|Any CPU
		{D9A88A5D-1AD0-4B0B-A33E-2DEF1A3AA2FB}.Debug|x86.Build.0 = Debug|Any CPU
		{D9A88A5D-1AD0-4B0B-A33E-2DEF1A3AA2FB}.Release|Any CPU.ActiveCfg = Release|Any CPU
		{D9A88A5D-1AD0-4B0B-A33E-2DEF1A3AA2FB}.Release|Any CPU.Build.0 = Release|Any CPU
		{D9A88A5D-1AD0-4B0B-A33E-2DEF1A3AA2FB}.Release|x64.ActiveCfg = Release|Any CPU
		{D9A88A5D-1AD0-4B0B-A33E-2DEF1A3AA2FB}.Release|x64.Build.0 = Release|Any CPU
		{D9A88A5D-1AD0-4B0B-A33E-2DEF1A3AA2FB}.Release|x86.ActiveCfg = Release|Any CPU
		{D9A88A5D-1AD0-4B0B-A33E-2DEF1A3AA2FB}.Release|x86.Build.0 = Release|Any CPU
		{7F3432F6-753B-4D2C-BF42-DDCD010D481C}.Debug|Any CPU.ActiveCfg = Debug|Any CPU
		{7F3432F6-753B-4D2C-BF42-DDCD010D481C}.Debug|Any CPU.Build.0 = Debug|Any CPU
		{7F3432F6-753B-4D2C-BF42-DDCD010D481C}.Debug|x64.ActiveCfg = Debug|Any CPU
		{7F3432F6-753B-4D2C-BF42-DDCD010D481C}.Debug|x64.Build.0 = Debug|Any CPU
		{7F3432F6-753B-4D2C-BF42-DDCD010D481C}.Debug|x86.ActiveCfg = Debug|Any CPU
		{7F3432F6-753B-4D2C-BF42-DDCD010D481C}.Debug|x86.Build.0 = Debug|Any CPU
		{7F3432F6-753B-4D2C-BF42-DDCD010D481C}.Release|Any CPU.ActiveCfg = Release|Any CPU
		{7F3432F6-753B-4D2C-BF42-DDCD010D481C}.Release|Any CPU.Build.0 = Release|Any CPU
		{7F3432F6-753B-4D2C-BF42-DDCD010D481C}.Release|x64.ActiveCfg = Release|Any CPU
		{7F3432F6-753B-4D2C-BF42-DDCD010D481C}.Release|x64.Build.0 = Release|Any CPU
		{7F3432F6-753B-4D2C-BF42-DDCD010D481C}.Release|x86.ActiveCfg = Release|Any CPU
		{7F3432F6-753B-4D2C-BF42-DDCD010D481C}.Release|x86.Build.0 = Release|Any CPU
		{422CF699-1969-49B6-AAAD-D2C9DEF3645F}.Debug|Any CPU.ActiveCfg = Debug|Any CPU
		{422CF699-1969-49B6-AAAD-D2C9DEF3645F}.Debug|Any CPU.Build.0 = Debug|Any CPU
		{422CF699-1969-49B6-AAAD-D2C9DEF3645F}.Debug|x64.ActiveCfg = Debug|Any CPU
		{422CF699-1969-49B6-AAAD-D2C9DEF3645F}.Debug|x64.Build.0 = Debug|Any CPU
		{422CF699-1969-49B6-AAAD-D2C9DEF3645F}.Debug|x86.ActiveCfg = Debug|Any CPU
		{422CF699-1969-49B6-AAAD-D2C9DEF3645F}.Debug|x86.Build.0 = Debug|Any CPU
		{422CF699-1969-49B6-AAAD-D2C9DEF3645F}.Release|Any CPU.ActiveCfg = Release|Any CPU
		{422CF699-1969-49B6-AAAD-D2C9DEF3645F}.Release|Any CPU.Build.0 = Release|Any CPU
		{422CF699-1969-49B6-AAAD-D2C9DEF3645F}.Release|x64.ActiveCfg = Release|Any CPU
		{422CF699-1969-49B6-AAAD-D2C9DEF3645F}.Release|x64.Build.0 = Release|Any CPU
		{422CF699-1969-49B6-AAAD-D2C9DEF3645F}.Release|x86.ActiveCfg = Release|Any CPU
		{422CF699-1969-49B6-AAAD-D2C9DEF3645F}.Release|x86.Build.0 = Release|Any CPU
		{ADAD8919-6B3A-4727-88A4-ED441D6FF90A}.Debug|Any CPU.ActiveCfg = Debug|Any CPU
		{ADAD8919-6B3A-4727-88A4-ED441D6FF90A}.Debug|Any CPU.Build.0 = Debug|Any CPU
		{ADAD8919-6B3A-4727-88A4-ED441D6FF90A}.Debug|x64.ActiveCfg = Debug|Any CPU
		{ADAD8919-6B3A-4727-88A4-ED441D6FF90A}.Debug|x64.Build.0 = Debug|Any CPU
		{ADAD8919-6B3A-4727-88A4-ED441D6FF90A}.Debug|x86.ActiveCfg = Debug|Any CPU
		{ADAD8919-6B3A-4727-88A4-ED441D6FF90A}.Debug|x86.Build.0 = Debug|Any CPU
		{ADAD8919-6B3A-4727-88A4-ED441D6FF90A}.Release|Any CPU.ActiveCfg = Release|Any CPU
		{ADAD8919-6B3A-4727-88A4-ED441D6FF90A}.Release|Any CPU.Build.0 = Release|Any CPU
		{ADAD8919-6B3A-4727-88A4-ED441D6FF90A}.Release|x64.ActiveCfg = Release|Any CPU
		{ADAD8919-6B3A-4727-88A4-ED441D6FF90A}.Release|x64.Build.0 = Release|Any CPU
		{ADAD8919-6B3A-4727-88A4-ED441D6FF90A}.Release|x86.ActiveCfg = Release|Any CPU
		{ADAD8919-6B3A-4727-88A4-ED441D6FF90A}.Release|x86.Build.0 = Release|Any CPU
		{90A580E1-A529-43E3-B33D-8BB97559F91A}.Debug|Any CPU.ActiveCfg = Debug|Any CPU
		{90A580E1-A529-43E3-B33D-8BB97559F91A}.Debug|Any CPU.Build.0 = Debug|Any CPU
		{90A580E1-A529-43E3-B33D-8BB97559F91A}.Debug|x64.ActiveCfg = Debug|Any CPU
		{90A580E1-A529-43E3-B33D-8BB97559F91A}.Debug|x64.Build.0 = Debug|Any CPU
		{90A580E1-A529-43E3-B33D-8BB97559F91A}.Debug|x86.ActiveCfg = Debug|Any CPU
		{90A580E1-A529-43E3-B33D-8BB97559F91A}.Debug|x86.Build.0 = Debug|Any CPU
		{90A580E1-A529-43E3-B33D-8BB97559F91A}.Release|Any CPU.ActiveCfg = Release|Any CPU
		{90A580E1-A529-43E3-B33D-8BB97559F91A}.Release|Any CPU.Build.0 = Release|Any CPU
		{90A580E1-A529-43E3-B33D-8BB97559F91A}.Release|x64.ActiveCfg = Release|Any CPU
		{90A580E1-A529-43E3-B33D-8BB97559F91A}.Release|x64.Build.0 = Release|Any CPU
		{90A580E1-A529-43E3-B33D-8BB97559F91A}.Release|x86.ActiveCfg = Release|Any CPU
		{90A580E1-A529-43E3-B33D-8BB97559F91A}.Release|x86.Build.0 = Release|Any CPU
		{64CDE98D-808C-402E-B98B-556509B6F174}.Debug|Any CPU.ActiveCfg = Debug|Any CPU
		{64CDE98D-808C-402E-B98B-556509B6F174}.Debug|Any CPU.Build.0 = Debug|Any CPU
		{64CDE98D-808C-402E-B98B-556509B6F174}.Debug|x64.ActiveCfg = Debug|Any CPU
		{64CDE98D-808C-402E-B98B-556509B6F174}.Debug|x64.Build.0 = Debug|Any CPU
		{64CDE98D-808C-402E-B98B-556509B6F174}.Debug|x86.ActiveCfg = Debug|Any CPU
		{64CDE98D-808C-402E-B98B-556509B6F174}.Debug|x86.Build.0 = Debug|Any CPU
		{64CDE98D-808C-402E-B98B-556509B6F174}.Release|Any CPU.ActiveCfg = Release|Any CPU
		{64CDE98D-808C-402E-B98B-556509B6F174}.Release|Any CPU.Build.0 = Release|Any CPU
		{64CDE98D-808C-402E-B98B-556509B6F174}.Release|x64.ActiveCfg = Release|Any CPU
		{64CDE98D-808C-402E-B98B-556509B6F174}.Release|x64.Build.0 = Release|Any CPU
		{64CDE98D-808C-402E-B98B-556509B6F174}.Release|x86.ActiveCfg = Release|Any CPU
		{64CDE98D-808C-402E-B98B-556509B6F174}.Release|x86.Build.0 = Release|Any CPU
		{34EFF754-9631-4B35-94ED-E006CB4F782A}.Debug|Any CPU.ActiveCfg = Debug|Any CPU
		{34EFF754-9631-4B35-94ED-E006CB4F782A}.Debug|Any CPU.Build.0 = Debug|Any CPU
		{34EFF754-9631-4B35-94ED-E006CB4F782A}.Debug|x64.ActiveCfg = Debug|Any CPU
		{34EFF754-9631-4B35-94ED-E006CB4F782A}.Debug|x64.Build.0 = Debug|Any CPU
		{34EFF754-9631-4B35-94ED-E006CB4F782A}.Debug|x86.ActiveCfg = Debug|Any CPU
		{34EFF754-9631-4B35-94ED-E006CB4F782A}.Debug|x86.Build.0 = Debug|Any CPU
		{34EFF754-9631-4B35-94ED-E006CB4F782A}.Release|Any CPU.ActiveCfg = Release|Any CPU
		{34EFF754-9631-4B35-94ED-E006CB4F782A}.Release|Any CPU.Build.0 = Release|Any CPU
		{34EFF754-9631-4B35-94ED-E006CB4F782A}.Release|x64.ActiveCfg = Release|Any CPU
		{34EFF754-9631-4B35-94ED-E006CB4F782A}.Release|x64.Build.0 = Release|Any CPU
		{34EFF754-9631-4B35-94ED-E006CB4F782A}.Release|x86.ActiveCfg = Release|Any CPU
		{34EFF754-9631-4B35-94ED-E006CB4F782A}.Release|x86.Build.0 = Release|Any CPU
		{ADE77E6A-1A93-4EB5-8A2E-AD2DA8BCA418}.Debug|Any CPU.ActiveCfg = Debug|Any CPU
		{ADE77E6A-1A93-4EB5-8A2E-AD2DA8BCA418}.Debug|Any CPU.Build.0 = Debug|Any CPU
		{ADE77E6A-1A93-4EB5-8A2E-AD2DA8BCA418}.Debug|x64.ActiveCfg = Debug|Any CPU
		{ADE77E6A-1A93-4EB5-8A2E-AD2DA8BCA418}.Debug|x64.Build.0 = Debug|Any CPU
		{ADE77E6A-1A93-4EB5-8A2E-AD2DA8BCA418}.Debug|x86.ActiveCfg = Debug|Any CPU
		{ADE77E6A-1A93-4EB5-8A2E-AD2DA8BCA418}.Debug|x86.Build.0 = Debug|Any CPU
		{ADE77E6A-1A93-4EB5-8A2E-AD2DA8BCA418}.Release|Any CPU.ActiveCfg = Release|Any CPU
		{ADE77E6A-1A93-4EB5-8A2E-AD2DA8BCA418}.Release|Any CPU.Build.0 = Release|Any CPU
		{ADE77E6A-1A93-4EB5-8A2E-AD2DA8BCA418}.Release|x64.ActiveCfg = Release|Any CPU
		{ADE77E6A-1A93-4EB5-8A2E-AD2DA8BCA418}.Release|x64.Build.0 = Release|Any CPU
		{ADE77E6A-1A93-4EB5-8A2E-AD2DA8BCA418}.Release|x86.ActiveCfg = Release|Any CPU
		{ADE77E6A-1A93-4EB5-8A2E-AD2DA8BCA418}.Release|x86.Build.0 = Release|Any CPU
	EndGlobalSection
	GlobalSection(NestedProjects) = preSolution
		{422CF699-1969-49B6-AAAD-D2C9DEF3645F} = {5F833F32-3369-4AC5-BBE3-C070142EDC88}
		{ADAD8919-6B3A-4727-88A4-ED441D6FF90A} = {5F833F32-3369-4AC5-BBE3-C070142EDC88}
	EndGlobalSection
EndGlobal
